
Microsoft Visual Studio Solution File, Format Version 12.00
# Visual Studio 15
VisualStudioVersion = 15.0.27004.2002
MinimumVisualStudioVersion = 10.0.40219.1
Project("{FAE04EC0-301F-11D3-BF4B-00C04F79EFBC}") = "GuessTheAnimal", "GuessTheAnimal\GuessTheAnimal.csproj", "{C7D97E72-8E5A-41BE-B1D8-282255219397}"
EndProject
Project("{2150E333-8FDC-42A3-9474-1A3956D46DE8}") = "Solution Items", "Solution Items", "{A76D9F96-DC50-49D3-B5AA-F03F0C813935}"
EndProject
Global
	GlobalSection(SolutionConfigurationPlatforms) = preSolution
		Debug|Any CPU = Debug|Any CPU
		Release|Any CPU = Release|Any CPU
	EndGlobalSection
	GlobalSection(ProjectConfigurationPlatforms) = postSolution
		{C7D97E72-8E5A-41BE-B1D8-282255219397}.Debug|Any CPU.ActiveCfg = Debug|Any CPU
		{C7D97E72-8E5A-41BE-B1D8-282255219397}.Debug|Any CPU.Build.0 = Debug|Any CPU
		{C7D97E72-8E5A-41BE-B1D8-282255219397}.Release|Any CPU.ActiveCfg = Release|Any CPU
		{C7D97E72-8E5A-41BE-B1D8-282255219397}.Release|Any CPU.Build.0 = Release|Any CPU
	EndGlobalSection
	GlobalSection(SolutionProperties) = preSolution
		HideSolutionNode = FALSE
	EndGlobalSection
	GlobalSection(ExtensibilityGlobals) = postSolution
		SolutionGuid = {B5828BC8-043D-4CC5-AAFF-2643E4792AEA}
	EndGlobalSection
EndGlobal
